
Microsoft Visual Studio Solution File, Format Version 12.00
# Visual Studio Version 17
VisualStudioVersion = 17.4.33403.182
MinimumVisualStudioVersion = 10.0.40219.1
Project("{FAE04EC0-301F-11D3-BF4B-00C04F79EFBC}") = "TikTakToServer", "TikTakToServer\TikTakToServer.csproj", "{9ABFA8F1-A388-44AF-9579-3633D39EC2BB}"
EndProject
Global
	GlobalSection(SolutionConfigurationPlatforms) = preSolution
		Debug|Any CPU = Debug|Any CPU
		Release|Any CPU = Release|Any CPU
	EndGlobalSection
	GlobalSection(ProjectConfigurationPlatforms) = postSolution
		{9ABFA8F1-A388-44AF-9579-3633D39EC2BB}.Debug|Any CPU.ActiveCfg = Debug|Any CPU
		{9ABFA8F1-A388-44AF-9579-3633D39EC2BB}.Debug|Any CPU.Build.0 = Debug|Any CPU
		{9ABFA8F1-A388-44AF-9579-3633D39EC2BB}.Release|Any CPU.ActiveCfg = Release|Any CPU
		{9ABFA8F1-A388-44AF-9579-3633D39EC2BB}.Release|Any CPU.Build.0 = Release|Any CPU
	EndGlobalSection
	GlobalSection(SolutionProperties) = preSolution
		HideSolutionNode = FALSE
	EndGlobalSection
	GlobalSection(ExtensibilityGlobals) = postSolution
		SolutionGuid = {C727ACAD-57C9-4B78-9C69-AE225E27E5F2}
	EndGlobalSection
EndGlobal
